{
  "version": "3",
  "packages": {
    "specifiers": {
      "npm:ts-expect": "npm:ts-expect@1.3.0"
    },
    "npm": {
      "ts-expect@1.3.0": {
        "integrity": "sha512-e4g0EJtAjk64xgnFPD6kTBUtpnMVzDrMb12N1YZV0VvSlhnVT3SGxiYTLdGy8Q5cYHOIC/FAHmZ10eGrAguicQ==",
        "dependencies": {}
      }
    }
  },
  "redirects": {
    "https://deno.land/x/expect/mod.ts": "https://deno.land/x/expect@v0.2.9/mod.ts"
  },
  "remote": {
    "https://deno.land/std@0.158.0/fmt/colors.ts": "ff7dc9c9f33a72bd48bc24b21bbc1b4545d8494a431f17894dbc5fe92a938fc4",
    "https://deno.land/std@0.158.0/testing/_diff.ts": "a23e7fc2b4d8daa3e158fa06856bedf5334ce2a2831e8bf9e509717f455adb2c",
    "https://deno.land/std@0.158.0/testing/_format.ts": "cd11136e1797791045e639e9f0f4640d5b4166148796cad37e6ef75f7d7f3832",
    "https://deno.land/std@0.158.0/testing/asserts.ts": "8696c488bc98d8d175e74dc652a0ffbc7fca93858da01edc57ed33c1148345da",
    "https://deno.land/std@0.163.0/testing/_test_suite.ts": "2d07073d5460a4e3ec50c55ae822cd9bd136926d7363091379947fef9c73c3e4",
    "https://deno.land/std@0.163.0/testing/bdd.ts": "35060cefd9cc21b414f4d89453b3551a3d52ec50aeff25db432503c5485b2f72",
    "https://deno.land/std@0.97.0/fmt/colors.ts": "db22b314a2ae9430ae7460ce005e0a7130e23ae1c999157e3bb77cf55800f7e4",
    "https://deno.land/std@0.97.0/testing/_diff.ts": "961eaf6d9f5b0a8556c9d835bbc6fa74f5addd7d3b02728ba7936ff93364f7a3",
    "https://deno.land/std@0.97.0/testing/asserts.ts": "341292d12eebc44be4c3c2ca101ba8b6b5859cef2fa69d50c217f9d0bfbcfd1f",
    "https://deno.land/x/continuation@0.1.5/mod.ts": "690def2735046367b3e1b4bc6e51b5912f2ed09c41c7df7a55c060f23720ad33",
    "https://deno.land/x/deno_dom@v0.1.41/build/deno-wasm/deno-wasm.js": "d6841a06342eb6a2798ef28de79ad69c0f2fa349fa04d3ca45e5fcfbf50a9340",
    "https://deno.land/x/deno_dom@v0.1.41/deno-dom-wasm.ts": "a33d160421bbb6e3104285ea5ebf33352b7ad50d82ea8765e3cf65f972b25119",
    "https://deno.land/x/deno_dom@v0.1.41/src/api.ts": "0ff5790f0a3eeecb4e00b7d8fbfa319b165962cf6d0182a65ba90f158d74f7d7",
    "https://deno.land/x/deno_dom@v0.1.41/src/constructor-lock.ts": "59714df7e0571ec7bd338903b1f396202771a6d4d7f55a452936bd0de9deb186",
    "https://deno.land/x/deno_dom@v0.1.41/src/deserialize.ts": "1cf4096678d8afed8ed28dbad690504c4d2c28149ba768b26eacd1416873425b",
    "https://deno.land/x/deno_dom@v0.1.41/src/dom/document-fragment.ts": "1c7352a3c816587ed7fad574b42636198f680f17abc3836fcfe7799b31e7718f",
    "https://deno.land/x/deno_dom@v0.1.41/src/dom/document.ts": "b8f4e4ccabaaa063d6562a0f2f8dea9c0419515d63d8bd79bfde95f7cd64bd93",
    "https://deno.land/x/deno_dom@v0.1.41/src/dom/dom-parser.ts": "609097b426f8c2358f3e5d2bca55ed026cf26cdf86562e94130dfdb0f2537f92",
    "https://deno.land/x/deno_dom@v0.1.41/src/dom/element.ts": "ea4fb3429dd2bfb74bf4ef683069e94d1c52a39f2c125cc926d3dfc8f749d8e2",
    "https://deno.land/x/deno_dom@v0.1.41/src/dom/elements/html-template-element.ts": "740b97a5378c9a14cccf3429299846eda240b613013e2d2d7f20b393897453c2",
    "https://deno.land/x/deno_dom@v0.1.41/src/dom/html-collection.ts": "ae90197f5270c32074926ad6cf30ee07d274d44596c7e413c354880cebce8565",
    "https://deno.land/x/deno_dom@v0.1.41/src/dom/node-list.ts": "4c6e4b4585301d4147addaccd90cb5f5a80e8d6290a1ba7058c5e3dfea16e15d",
    "https://deno.land/x/deno_dom@v0.1.41/src/dom/node.ts": "3069e6fc93ac4111a136ed68199d76673339842b9751610ba06f111ba7dc10a7",
    "https://deno.land/x/deno_dom@v0.1.41/src/dom/selectors/custom-api.ts": "852696bd58e534bc41bd3be9e2250b60b67cd95fd28ed16b1deff1d548531a71",
    "https://deno.land/x/deno_dom@v0.1.41/src/dom/selectors/nwsapi-types.ts": "c43b36c36acc5d32caabaa54fda8c9d239b2b0fcbce9a28efb93c84aa1021698",
    "https://deno.land/x/deno_dom@v0.1.41/src/dom/selectors/nwsapi.js": "985d7d8fc1eabbb88946b47a1c44c1b2d4aa79ff23c21424219f1528fa27a2ff",
    "https://deno.land/x/deno_dom@v0.1.41/src/dom/selectors/selectors.ts": "83eab57be2290fb48e3130533448c93c6c61239f2a2f3b85f1917f80ca0fdc75",
    "https://deno.land/x/deno_dom@v0.1.41/src/dom/selectors/sizzle-types.ts": "78149e2502409989ce861ed636b813b059e16bc267bb543e7c2b26ef43e4798b",
    "https://deno.land/x/deno_dom@v0.1.41/src/dom/selectors/sizzle.js": "c3aed60c1045a106d8e546ac2f85cc82e65f62d9af2f8f515210b9212286682a",
    "https://deno.land/x/deno_dom@v0.1.41/src/dom/utils-types.ts": "96db30e3e4a75b194201bb9fa30988215da7f91b380fca6a5143e51ece2a8436",
    "https://deno.land/x/deno_dom@v0.1.41/src/dom/utils.ts": "55f3e9dc71d6c4a54605888d3f99d26fb0cf9973924709f159252a6933ceeabe",
    "https://deno.land/x/deno_dom@v0.1.41/src/parser.ts": "e06b2300d693e6ae7564e53dfa5c9a9e97fdb8c044c39c52c8b93b5d60860be3",
    "https://deno.land/x/effection@3.0.0-beta.0/lib/abort-signal.ts": "8be1b331b2bc417d70fe4c07e0b806e89972b8eab519ce58beed7ec632ae9048",
    "https://deno.land/x/effection@3.0.0-beta.0/lib/all.ts": "acadab8258228e290192f587c8c532428f9093337a9b7688ae55cbc2cacd5caf",
    "https://deno.land/x/effection@3.0.0-beta.0/lib/async.ts": "3e007ef245abb240de07029f523c7ef74b9bc383db5716f89d261a5150295777",
    "https://deno.land/x/effection@3.0.0-beta.0/lib/call.ts": "69c465573031e6315e375c17e01e820239e01a93107866dd9f5ef584b79d13dd",
    "https://deno.land/x/effection@3.0.0-beta.0/lib/channel.ts": "cdd48c80c05dfbd9b248bd50bf16a80f973e51b5e35b219386e82a65eb4477b6",
    "https://deno.land/x/effection@3.0.0-beta.0/lib/context.ts": "108989ac839d6756e30f6c0afc458bfa3975dd0f970d5173b6b8f8473ce4c335",
    "https://deno.land/x/effection@3.0.0-beta.0/lib/deps.ts": "91062b4b97089a8cf36550d4f9605d325a0fd19bebc72d15524481a3b56ea669",
    "https://deno.land/x/effection@3.0.0-beta.0/lib/each.ts": "756f82d8b4ec43623776416b6de6558e7584bbfd437a6a35d44e088667842d32",
    "https://deno.land/x/effection@3.0.0-beta.0/lib/ensure.ts": "c3640cc12c1bc747a8a4086af476840db026d04ea22f45a697d53617b2b1cc66",
    "https://deno.land/x/effection@3.0.0-beta.0/lib/events.ts": "b33ef4b8b81c05c1c9b0d21b675f131fb7b0dd5021f440e64eb3a9e1e50aedf9",
    "https://deno.land/x/effection@3.0.0-beta.0/lib/filter.ts": "ad3ba0ce59923306620da410393c8f248fb9885a55c8cbd1f3670521cd96cc68",
    "https://deno.land/x/effection@3.0.0-beta.0/lib/first.ts": "6dfacc67b5c6b11bf1df1cf272491ed24a88431ea2eb8a36216b848fbfbe2e8e",
    "https://deno.land/x/effection@3.0.0-beta.0/lib/instructions.ts": "b88cd8bf32c8b11300046fcc8c76e6c77a8032eb5269b150fb53639732c68c93",
    "https://deno.land/x/effection@3.0.0-beta.0/lib/lazy.ts": "92ea526c5ad7d88290f2a87168e038d482f97421379508d85cf2e049ee60639b",
    "https://deno.land/x/effection@3.0.0-beta.0/lib/main.ts": "a0deaf1d1d958ef7a5821d8ac3dfbd190a47608d603798a5fc3b0c2309a724da",
    "https://deno.land/x/effection@3.0.0-beta.0/lib/map.ts": "26184b51211c87e37396f336c7a8212ea46d9fdea210df208127a6394eee69f9",
    "https://deno.land/x/effection@3.0.0-beta.0/lib/mod.ts": "fe2a2e685cc81fe24b1e15af52a17f213e5d062d48a664d6fd28071b13dda780",
    "https://deno.land/x/effection@3.0.0-beta.0/lib/op.ts": "483465a66fb9fa7529eb8cafbaf94c085b1a5e72876e5d34e44cd4f875b2141b",
    "https://deno.land/x/effection@3.0.0-beta.0/lib/pause.ts": "a690b0d67cf970c34f528df8c61d69eb43deda9817362776f6359f506dc0da45",
    "https://deno.land/x/effection@3.0.0-beta.0/lib/pipe.ts": "4a28fa93a1ba53661bafb84265f3fcb5614920bbecc0db1c261e1093da3b2cdf",
    "https://deno.land/x/effection@3.0.0-beta.0/lib/queue.ts": "714968cede633c5c336479ad62b695709e5b72076d38ac462caa2aa8ac49da06",
    "https://deno.land/x/effection@3.0.0-beta.0/lib/race.ts": "0c43f24ce5006768f5cbac8d6f5dc07848bafa625cc0bc6c24fb6a2f2a8808f2",
    "https://deno.land/x/effection@3.0.0-beta.0/lib/result.ts": "44e4bdadad155beb9bbfe41948819bbcb9e27a772283e52e89981bd6636a8687",
    "https://deno.land/x/effection@3.0.0-beta.0/lib/run.ts": "b85043bc8b30c0eb0d04654cdd07004b21145f2e3f59f52e39df76558e324ca4",
    "https://deno.land/x/effection@3.0.0-beta.0/lib/run/create.ts": "be9139af2fbe15908256d2d159dec8dca079f94cf02d488074c94fa26fc651fa",
    "https://deno.land/x/effection@3.0.0-beta.0/lib/run/frame.ts": "b9b85112e3168c0fc91e01b1df60f2e911ee1a44314678944d9cbfa71b0641de",
    "https://deno.land/x/effection@3.0.0-beta.0/lib/run/scope.ts": "45a6f4033ef3f5ccf2d450884221ffba0c4edb2d45ac2bedb36ebcffc9d4ec14",
    "https://deno.land/x/effection@3.0.0-beta.0/lib/run/task.ts": "b4b019d6e32d4c22c83ea9d1cfd64a3d587587080d459aec00aa9e6ba9d49b2a",
    "https://deno.land/x/effection@3.0.0-beta.0/lib/run/types.ts": "c6e413c941613e364604643a084eb432a7ba3ec468e5b0f5341c09b2f54510ef",
    "https://deno.land/x/effection@3.0.0-beta.0/lib/run/value.ts": "d57428b45dfeecc9df1e68dadf8697dbc33cd412e6ffcab9d0ba4368e8c1fbd6",
    "https://deno.land/x/effection@3.0.0-beta.0/lib/shift-sync.ts": "74ecefa9cb2e145a3c52f363319f8d6296b804600852044b7d14bd53bc10b512",
    "https://deno.land/x/effection@3.0.0-beta.0/lib/signal.ts": "935dabb018ae29a0d817819a6eb8c461a5a96e0e302198652a3ff07bb9e21789",
    "https://deno.land/x/effection@3.0.0-beta.0/lib/sleep.ts": "44e3a80248dad7a47066a99a7daec9b318e87d5d211adf27776145544d455689",
    "https://deno.land/x/effection@3.0.0-beta.0/lib/types.ts": "779952d3537a99545ab78307326ee14b77ff778b0ba3075489f31982d7eccb60",
    "https://deno.land/x/effection@3.0.0-beta.0/mod.ts": "ffae461c16d4a1bf24c2179582ab8d5c81ad0df61e4ae2fba51ef5e5bdf90345",
    "https://deno.land/x/expect@v0.2.9/expect.ts": "128c60f94ff3f977e2a649463238e403f9bdb8e6ab77e65214c0236bd61b0111",
    "https://deno.land/x/expect@v0.2.9/matchers.ts": "ba7360b73c5031a22449fa98eb4d5dbe7f256a88dd4c22ccae96dc6c01f0b19c",
    "https://deno.land/x/expect@v0.2.9/mock.ts": "562d4b1d735d15b0b8e935f342679096b64fe452f86e96714fe8616c0c884914",
    "https://deno.land/x/expect@v0.2.9/mod.ts": "0304d2430e1e96ba669a8495e24ba606dcc3d152e1f81aaa8da898cea24e36c2",
    "https://deno.land/x/hastx@v0.0.6/deps.ts": "6b99dea697994d965ba56c789657fa3b638227261563f2c136be39a07f6c45bf",
    "https://deno.land/x/hastx@v0.0.6/html.ts": "54f86c5378dd7282142c9847efaf20b7ee244743f16af20a62900e912d1ae810"
  }
}
