{
  "version": "5",
  "specifiers": {
    "jsr:@b-fuze/deno-dom@0.1.48": "0.1.48",
    "jsr:@david/code-block-writer@^13.0.2": "13.0.3",
    "jsr:@deno/cache-dir@~0.10.3": "0.10.3",
    "jsr:@deno/dnt@0.41.3": "0.41.3",
    "jsr:@deno/graph@~0.73.1": "0.73.1",
    "jsr:@effection/effection@^4.2.0": "4.2.0",
    "jsr:@luca/esbuild-deno-loader@0.11.1": "0.11.1",
    "jsr:@std/assert@0.223": "0.223.0",
    "jsr:@std/assert@0.226": "0.226.0",
    "jsr:@std/assert@1.0.10": "1.0.10",
    "jsr:@std/assert@^1.0.10": "1.0.10",
    "jsr:@std/bytes@0.223": "0.223.0",
    "jsr:@std/bytes@^1.0.2": "1.0.6",
    "jsr:@std/cli@^1.0.8": "1.0.32",
    "jsr:@std/encoding@^1.0.5": "1.0.11",
    "jsr:@std/fmt@0.223": "0.223.0",
    "jsr:@std/fmt@1": "1.0.10",
    "jsr:@std/fmt@^1.0.3": "1.0.10",
    "jsr:@std/fs@0.223": "0.223.0",
    "jsr:@std/fs@1": "1.0.24",
    "jsr:@std/fs@~0.229.3": "0.229.3",
    "jsr:@std/html@^1.0.3": "1.0.7",
    "jsr:@std/http@1.0.12": "1.0.12",
    "jsr:@std/internal@^1.0.14": "1.0.14",
    "jsr:@std/internal@^1.0.5": "1.0.14",
    "jsr:@std/io@0.223": "0.223.0",
    "jsr:@std/media-types@^1.1.0": "1.1.0",
    "jsr:@std/net@^1.0.4": "1.0.7",
    "jsr:@std/path@0.223": "0.223.0",
    "jsr:@std/path@1": "1.0.8",
    "jsr:@std/path@1.0.0-rc.1": "1.0.0-rc.1",
    "jsr:@std/path@1.0.8": "1.0.8",
    "jsr:@std/path@^1.0.6": "1.1.6",
    "jsr:@std/path@^1.0.8": "1.1.6",
    "jsr:@std/path@^1.1.5": "1.1.6",
    "jsr:@std/path@~0.225.2": "0.225.2",
    "jsr:@std/streams@^1.0.8": "1.2.0",
    "jsr:@std/testing@1.0.8": "1.0.8",
    "jsr:@ts-morph/bootstrap@0.24": "0.24.0",
    "jsr:@ts-morph/common@0.24": "0.24.0",
    "npm:@types/hast@3": "3.0.5",
    "npm:esbuild@0.24.2": "0.24.2",
    "npm:hast-util-to-html@9.0.0": "9.0.0",
    "npm:hastx@0.0.11": "0.0.11",
    "npm:path-to-regexp@8.2.0": "8.2.0",
    "npm:ts-expect@*": "1.3.0"
  },
  "jsr": {
    "@b-fuze/deno-dom@0.1.48": {
      "integrity": "bf5b591aef2e9e9c59adfcbb93a9ecd45bab5b7c8263625beafa5c8f1662e7da"
    },
    "@david/code-block-writer@13.0.3": {
      "integrity": "f98c77d320f5957899a61bfb7a9bead7c6d83ad1515daee92dbacc861e13bb7f"
    },
    "@deno/cache-dir@0.10.3": {
      "integrity": "eb022f84ecc49c91d9d98131c6e6b118ff63a29e343624d058646b9d50404776",
      "dependencies": [
        "jsr:@deno/graph",
        "jsr:@std/fmt@0.223",
        "jsr:@std/fs@0.223",
        "jsr:@std/io",
        "jsr:@std/path@0.223"
      ]
    },
    "@deno/dnt@0.41.3": {
      "integrity": "b2ef2c8a5111eef86cb5bfcae103d6a2938e8e649e2461634a7befb7fc59d6d2",
      "dependencies": [
        "jsr:@david/code-block-writer",
        "jsr:@deno/cache-dir",
        "jsr:@std/fmt@1",
        "jsr:@std/fs@1",
        "jsr:@std/path@1",
        "jsr:@ts-morph/bootstrap"
      ]
    },
    "@deno/graph@0.73.1": {
      "integrity": "cd69639d2709d479037d5ce191a422eabe8d71bb68b0098344f6b07411c84d41"
    },
    "@effection/effection@4.2.0": {
      "integrity": "29e754779c0431055e17e6b50c9988999359e964fdb650af2e313b34c1ece7d4"
    },
    "@luca/esbuild-deno-loader@0.11.1": {
      "integrity": "dc020d16d75b591f679f6b9288b10f38bdb4f24345edb2f5732affa1d9885267",
      "dependencies": [
        "jsr:@std/bytes@^1.0.2",
        "jsr:@std/encoding",
        "jsr:@std/path@^1.0.6"
      ]
    },
    "@std/assert@0.223.0": {
      "integrity": "eb8d6d879d76e1cc431205bd346ed4d88dc051c6366365b1af47034b0670be24"
    },
    "@std/assert@0.226.0": {
      "integrity": "0dfb5f7c7723c18cec118e080fec76ce15b4c31154b15ad2bd74822603ef75b3"
    },
    "@std/assert@1.0.10": {
      "integrity": "59b5cbac5bd55459a19045d95cc7c2ff787b4f8527c0dd195078ff6f9481fbb3",
      "dependencies": [
        "jsr:@std/internal@^1.0.5"
      ]
    },
    "@std/bytes@0.223.0": {
      "integrity": "84b75052cd8680942c397c2631318772b295019098f40aac5c36cead4cba51a8"
    },
    "@std/bytes@1.0.6": {
      "integrity": "f6ac6adbd8ccd99314045f5703e23af0a68d7f7e58364b47d2c7f408aeb5820a"
    },
    "@std/cli@1.0.32": {
      "integrity": "188b3a100d6202d64e3f5bd3d799c7fa4f6d77f92cc65eb7f641c1fa0aa92a66"
    },
    "@std/encoding@1.0.11": {
      "integrity": "e7cef2f0b3153bccc17431e7c864a1de03a4b6d9647389c43e08aaa775d37385"
    },
    "@std/fmt@0.223.0": {
      "integrity": "6deb37794127dfc7d7bded2586b9fc6f5d50e62a8134846608baf71ffc1a5208"
    },
    "@std/fmt@1.0.10": {
      "integrity": "90dfba288802ac6de82fb31d0917eb9e4450b9925b954d5e51fc29ac07419db5"
    },
    "@std/fs@0.223.0": {
      "integrity": "3b4b0550b2c524cbaaa5a9170c90e96cbb7354e837ad1bdaf15fc9df1ae9c31c"
    },
    "@std/fs@0.229.3": {
      "integrity": "783bca21f24da92e04c3893c9e79653227ab016c48e96b3078377ebd5222e6eb",
      "dependencies": [
        "jsr:@std/path@1.0.0-rc.1"
      ]
    },
    "@std/fs@1.0.24": {
      "integrity": "f3061b45b81673a2bece689da041df32d174be064c89eb6397fb5718d3fb7877",
      "dependencies": [
        "jsr:@std/internal@^1.0.14",
        "jsr:@std/path@^1.1.5"
      ]
    },
    "@std/html@1.0.7": {
      "integrity": "175c818905a6e75743c69c251395e273d82698e58cfe7dd76268d70e28b8d8fe"
    },
    "@std/http@1.0.12": {
      "integrity": "85246d8bfe9c8e2538518725b158bdc31f616e0869255f4a8d9e3de919cab2aa",
      "dependencies": [
        "jsr:@std/cli",
        "jsr:@std/encoding",
        "jsr:@std/fmt@^1.0.3",
        "jsr:@std/html",
        "jsr:@std/media-types",
        "jsr:@std/net",
        "jsr:@std/path@^1.0.8",
        "jsr:@std/streams"
      ]
    },
    "@std/internal@1.0.14": {
      "integrity": "291516b3d4c35024d6ffbc0a9df5bf4c64116e05b50012cf846710152d2ffdf7"
    },
    "@std/io@0.223.0": {
      "integrity": "2d8c3c2ab3a515619b90da2c6ff5ea7b75a94383259ef4d02116b228393f84f1",
      "dependencies": [
        "jsr:@std/assert@0.223",
        "jsr:@std/bytes@0.223"
      ]
    },
    "@std/media-types@1.1.0": {
      "integrity": "c9d093f0c05c3512932b330e3cc1fe1d627b301db33a4c2c2185c02471d6eaa4"
    },
    "@std/net@1.0.7": {
      "integrity": "e0b995738cfe2ed56f64591d400e55f143cff164efd690343f2deb4cf4d06d86"
    },
    "@std/path@0.223.0": {
      "integrity": "593963402d7e6597f5a6e620931661053572c982fc014000459edc1f93cc3989",
      "dependencies": [
        "jsr:@std/assert@0.223"
      ]
    },
    "@std/path@0.225.2": {
      "integrity": "0f2db41d36b50ef048dcb0399aac720a5348638dd3cb5bf80685bf2a745aa506",
      "dependencies": [
        "jsr:@std/assert@0.226"
      ]
    },
    "@std/path@1.0.0-rc.1": {
      "integrity": "b8c00ae2f19106a6bb7cbf1ab9be52aa70de1605daeb2dbdc4f87a7cbaf10ff6"
    },
    "@std/path@1.0.8": {
      "integrity": "548fa456bb6a04d3c1a1e7477986b6cffbce95102d0bb447c67c4ee70e0364be"
    },
    "@std/path@1.1.6": {
      "integrity": "c68485c2a4dfbb5ae3cc74fae4e8c4e5d874cf8a8ed12927917235c758b46cbe",
      "dependencies": [
        "jsr:@std/internal@^1.0.14"
      ]
    },
    "@std/streams@1.2.0": {
      "integrity": "256b934254778f2bf45f5713b934209ff29e9b4b7fd4ec095219966813758c5f"
    },
    "@std/testing@1.0.8": {
      "integrity": "ceef535808fb7568e91b0f8263599bd29b1c5603ffb0377227f00a8ca9fe42a2",
      "dependencies": [
        "jsr:@std/assert@^1.0.10",
        "jsr:@std/internal@^1.0.5"
      ]
    },
    "@ts-morph/bootstrap@0.24.0": {
      "integrity": "a826a2ef7fa8a7c3f1042df2c034d20744d94da2ee32bf29275bcd4dffd3c060",
      "dependencies": [
        "jsr:@ts-morph/common"
      ]
    },
    "@ts-morph/common@0.24.0": {
      "integrity": "12b625b8e562446ba658cdbe9ad77774b4bd96b992ae8bd34c60dbf24d06c1f3",
      "dependencies": [
        "jsr:@std/fs@~0.229.3",
        "jsr:@std/path@~0.225.2"
      ]
    }
  },
  "npm": {
    "@esbuild/aix-ppc64@0.24.2": {
      "integrity": "sha512-thpVCb/rhxE/BnMLQ7GReQLLN8q9qbHmI55F4489/ByVg2aQaQ6kbcLb6FHkocZzQhxc4gx0sCk0tJkKBFzDhA==",
      "os": ["aix"],
      "cpu": ["ppc64"]
    },
    "@esbuild/android-arm64@0.24.2": {
      "integrity": "sha512-cNLgeqCqV8WxfcTIOeL4OAtSmL8JjcN6m09XIgro1Wi7cF4t/THaWEa7eL5CMoMBdjoHOTh/vwTO/o2TRXIyzg==",
      "os": ["android"],
      "cpu": ["arm64"]
    },
    "@esbuild/android-arm@0.24.2": {
      "integrity": "sha512-tmwl4hJkCfNHwFB3nBa8z1Uy3ypZpxqxfTQOcHX+xRByyYgunVbZ9MzUUfb0RxaHIMnbHagwAxuTL+tnNM+1/Q==",
      "os": ["android"],
      "cpu": ["arm"]
    },
    "@esbuild/android-x64@0.24.2": {
      "integrity": "sha512-B6Q0YQDqMx9D7rvIcsXfmJfvUYLoP722bgfBlO5cGvNVb5V/+Y7nhBE3mHV9OpxBf4eAS2S68KZztiPaWq4XYw==",
      "os": ["android"],
      "cpu": ["x64"]
    },
    "@esbuild/darwin-arm64@0.24.2": {
      "integrity": "sha512-kj3AnYWc+CekmZnS5IPu9D+HWtUI49hbnyqk0FLEJDbzCIQt7hg7ucF1SQAilhtYpIujfaHr6O0UHlzzSPdOeA==",
      "os": ["darwin"],
      "cpu": ["arm64"]
    },
    "@esbuild/darwin-x64@0.24.2": {
      "integrity": "sha512-WeSrmwwHaPkNR5H3yYfowhZcbriGqooyu3zI/3GGpF8AyUdsrrP0X6KumITGA9WOyiJavnGZUwPGvxvwfWPHIA==",
      "os": ["darwin"],
      "cpu": ["x64"]
    },
    "@esbuild/freebsd-arm64@0.24.2": {
      "integrity": "sha512-UN8HXjtJ0k/Mj6a9+5u6+2eZ2ERD7Edt1Q9IZiB5UZAIdPnVKDoG7mdTVGhHJIeEml60JteamR3qhsr1r8gXvg==",
      "os": ["freebsd"],
      "cpu": ["arm64"]
    },
    "@esbuild/freebsd-x64@0.24.2": {
      "integrity": "sha512-TvW7wE/89PYW+IevEJXZ5sF6gJRDY/14hyIGFXdIucxCsbRmLUcjseQu1SyTko+2idmCw94TgyaEZi9HUSOe3Q==",
      "os": ["freebsd"],
      "cpu": ["x64"]
    },
    "@esbuild/linux-arm64@0.24.2": {
      "integrity": "sha512-7HnAD6074BW43YvvUmE/35Id9/NB7BeX5EoNkK9obndmZBUk8xmJJeU7DwmUeN7tkysslb2eSl6CTrYz6oEMQg==",
      "os": ["linux"],
      "cpu": ["arm64"]
    },
    "@esbuild/linux-arm@0.24.2": {
      "integrity": "sha512-n0WRM/gWIdU29J57hJyUdIsk0WarGd6To0s+Y+LwvlC55wt+GT/OgkwoXCXvIue1i1sSNWblHEig00GBWiJgfA==",
      "os": ["linux"],
      "cpu": ["arm"]
    },
    "@esbuild/linux-ia32@0.24.2": {
      "integrity": "sha512-sfv0tGPQhcZOgTKO3oBE9xpHuUqguHvSo4jl+wjnKwFpapx+vUDcawbwPNuBIAYdRAvIDBfZVvXprIj3HA+Ugw==",
      "os": ["linux"],
      "cpu": ["ia32"]
    },
    "@esbuild/linux-loong64@0.24.2": {
      "integrity": "sha512-CN9AZr8kEndGooS35ntToZLTQLHEjtVB5n7dl8ZcTZMonJ7CCfStrYhrzF97eAecqVbVJ7APOEe18RPI4KLhwQ==",
      "os": ["linux"],
      "cpu": ["loong64"]
    },
    "@esbuild/linux-mips64el@0.24.2": {
      "integrity": "sha512-iMkk7qr/wl3exJATwkISxI7kTcmHKE+BlymIAbHO8xanq/TjHaaVThFF6ipWzPHryoFsesNQJPE/3wFJw4+huw==",
      "os": ["linux"],
      "cpu": ["mips64el"]
    },
    "@esbuild/linux-ppc64@0.24.2": {
      "integrity": "sha512-shsVrgCZ57Vr2L8mm39kO5PPIb+843FStGt7sGGoqiiWYconSxwTiuswC1VJZLCjNiMLAMh34jg4VSEQb+iEbw==",
      "os": ["linux"],
      "cpu": ["ppc64"]
    },
    "@esbuild/linux-riscv64@0.24.2": {
      "integrity": "sha512-4eSFWnU9Hhd68fW16GD0TINewo1L6dRrB+oLNNbYyMUAeOD2yCK5KXGK1GH4qD/kT+bTEXjsyTCiJGHPZ3eM9Q==",
      "os": ["linux"],
      "cpu": ["riscv64"]
    },
    "@esbuild/linux-s390x@0.24.2": {
      "integrity": "sha512-S0Bh0A53b0YHL2XEXC20bHLuGMOhFDO6GN4b3YjRLK//Ep3ql3erpNcPlEFed93hsQAjAQDNsvcK+hV90FubSw==",
      "os": ["linux"],
      "cpu": ["s390x"]
    },
    "@esbuild/linux-x64@0.24.2": {
      "integrity": "sha512-8Qi4nQcCTbLnK9WoMjdC9NiTG6/E38RNICU6sUNqK0QFxCYgoARqVqxdFmWkdonVsvGqWhmm7MO0jyTqLqwj0Q==",
      "os": ["linux"],
      "cpu": ["x64"]
    },
    "@esbuild/netbsd-arm64@0.24.2": {
      "integrity": "sha512-wuLK/VztRRpMt9zyHSazyCVdCXlpHkKm34WUyinD2lzK07FAHTq0KQvZZlXikNWkDGoT6x3TD51jKQ7gMVpopw==",
      "os": ["netbsd"],
      "cpu": ["arm64"]
    },
    "@esbuild/netbsd-x64@0.24.2": {
      "integrity": "sha512-VefFaQUc4FMmJuAxmIHgUmfNiLXY438XrL4GDNV1Y1H/RW3qow68xTwjZKfj/+Plp9NANmzbH5R40Meudu8mmw==",
      "os": ["netbsd"],
      "cpu": ["x64"]
    },
    "@esbuild/openbsd-arm64@0.24.2": {
      "integrity": "sha512-YQbi46SBct6iKnszhSvdluqDmxCJA+Pu280Av9WICNwQmMxV7nLRHZfjQzwbPs3jeWnuAhE9Jy0NrnJ12Oz+0A==",
      "os": ["openbsd"],
      "cpu": ["arm64"]
    },
    "@esbuild/openbsd-x64@0.24.2": {
      "integrity": "sha512-+iDS6zpNM6EnJyWv0bMGLWSWeXGN/HTaF/LXHXHwejGsVi+ooqDfMCCTerNFxEkM3wYVcExkeGXNqshc9iMaOA==",
      "os": ["openbsd"],
      "cpu": ["x64"]
    },
    "@esbuild/sunos-x64@0.24.2": {
      "integrity": "sha512-hTdsW27jcktEvpwNHJU4ZwWFGkz2zRJUz8pvddmXPtXDzVKTTINmlmga3ZzwcuMpUvLw7JkLy9QLKyGpD2Yxig==",
      "os": ["sunos"],
      "cpu": ["x64"]
    },
    "@esbuild/win32-arm64@0.24.2": {
      "integrity": "sha512-LihEQ2BBKVFLOC9ZItT9iFprsE9tqjDjnbulhHoFxYQtQfai7qfluVODIYxt1PgdoyQkz23+01rzwNwYfutxUQ==",
      "os": ["win32"],
      "cpu": ["arm64"]
    },
    "@esbuild/win32-ia32@0.24.2": {
      "integrity": "sha512-q+iGUwfs8tncmFC9pcnD5IvRHAzmbwQ3GPS5/ceCyHdjXubwQWI12MKWSNSMYLJMq23/IUCvJMS76PDqXe1fxA==",
      "os": ["win32"],
      "cpu": ["ia32"]
    },
    "@esbuild/win32-x64@0.24.2": {
      "integrity": "sha512-7VTgWzgMGvup6aSqDPLiW5zHaxYJGTO4OokMjIlrCtf+VpEL+cXKtCvg723iguPYI5oaUNdS+/V7OU2gvXVWEg==",
      "os": ["win32"],
      "cpu": ["x64"]
    },
    "@types/hast@3.0.5": {
      "integrity": "sha512-rp/ezSWaD1m44dPKICGhiskI13nVr7qTloFwDa/IYkhhf5nzwP+zIQcIJh3WIFSBOy/H1PzB40jPjMDksN4F+g==",
      "dependencies": [
        "@types/unist"
      ]
    },
    "@types/mdast@4.0.4": {
      "integrity": "sha512-kGaNbPh1k7AFzgpud/gMdvIm5xuECykRR+JnWKQno9TAXVa6WIVCGTPvYGekIDL4uwCZQSYbUxNBSb1aUo79oA==",
      "dependencies": [
        "@types/unist"
      ]
    },
    "@types/unist@3.0.3": {
      "integrity": "sha512-ko/gIFJRv177XgZsZcBwnqJN5x/Gien8qNOn0D5bQU/zAzVf9Zt3BlcUiLqhV9y4ARk0GbT3tnUiPNgnTXzc/Q=="
    },
    "@ungap/structured-clone@1.4.0": {
      "integrity": "sha512-1mEZtMKPM09vDmQt5y7YvmN2+DFTP7Tg0EWXdic8/C6VRnpb33e4ghisCIE3WZjsE2N8mf+QV1Zqh7ZFYLWInQ=="
    },
    "ccount@2.0.1": {
      "integrity": "sha512-eyrF0jiFpY+3drT6383f1qhkbGsLSifNAjA61IUjZjmLCWjItY6LB9ft9YhoDgwfmclB2zhu51Lc7+95b8NRAg=="
    },
    "character-entities-html4@2.1.0": {
      "integrity": "sha512-1v7fgQRj6hnSwFpq1Eu0ynr/CDEw0rXo2B61qXrLNdHZmPKgb7fqS1a2JwF0rISo9q77jDI8VMEHoApn8qDoZA=="
    },
    "character-entities-legacy@3.0.0": {
      "integrity": "sha512-RpPp0asT/6ufRm//AJVwpViZbGM/MkjQFxJccQRHmISF/22NBtsHqAWmL+/pmkPWoIUJdWyeVleTl1wydHATVQ=="
    },
    "comma-separated-tokens@2.0.3": {
      "integrity": "sha512-Fu4hJdvzeylCfQPp9SGWidpzrMs7tTrlu6Vb8XGaRGck8QSNZJJp538Wrb60Lax4fPwR64ViY468OIUTbRlGZg=="
    },
    "dequal@2.0.3": {
      "integrity": "sha512-0je+qPKHEMohvfRTCEo3CrPG6cAzAYgmzKyxRiYSSDkS6eGJdyVJm7WaYA5ECaAD9wLB2T4EEeymA5aFVcYXCA=="
    },
    "devlop@1.1.0": {
      "integrity": "sha512-RWmIqhcFf1lRYBvNmr7qTNuyCt/7/ns2jbpp1+PalgE/rDQcBT0fioSMUpJ93irlUhC5hrg4cYqe6U+0ImW0rA==",
      "dependencies": [
        "dequal"
      ]
    },
    "entities@6.0.1": {
      "integrity": "sha512-aN97NXWF6AWBTahfVOIrB/NShkzi5H7F9r1s9mD3cDj4Ko5f2qhhVoYMibXF7GlLveb/D2ioWay8lxI97Ven3g=="
    },
    "esbuild@0.24.2": {
      "integrity": "sha512-+9egpBW8I3CD5XPe0n6BfT5fxLzxrlDzqydF3aviG+9ni1lDC/OvMHcxqEFV0+LANZG5R1bFMWfUrjVsdwxJvA==",
      "optionalDependencies": [
        "@esbuild/aix-ppc64",
        "@esbuild/android-arm",
        "@esbuild/android-arm64",
        "@esbuild/android-x64",
        "@esbuild/darwin-arm64",
        "@esbuild/darwin-x64",
        "@esbuild/freebsd-arm64",
        "@esbuild/freebsd-x64",
        "@esbuild/linux-arm",
        "@esbuild/linux-arm64",
        "@esbuild/linux-ia32",
        "@esbuild/linux-loong64",
        "@esbuild/linux-mips64el",
        "@esbuild/linux-ppc64",
        "@esbuild/linux-riscv64",
        "@esbuild/linux-s390x",
        "@esbuild/linux-x64",
        "@esbuild/netbsd-arm64",
        "@esbuild/netbsd-x64",
        "@esbuild/openbsd-arm64",
        "@esbuild/openbsd-x64",
        "@esbuild/sunos-x64",
        "@esbuild/win32-arm64",
        "@esbuild/win32-ia32",
        "@esbuild/win32-x64"
      ],
      "scripts": true,
      "bin": true
    },
    "hast-util-from-parse5@8.0.3": {
      "integrity": "sha512-3kxEVkEKt0zvcZ3hCRYI8rqrgwtlIOFMWkbclACvjlDw8Li9S2hk/d51OI0nr/gIpdMHNepwgOKqZ/sy0Clpyg==",
      "dependencies": [
        "@types/hast",
        "@types/unist",
        "devlop",
        "hastscript",
        "property-information@7.2.0",
        "vfile",
        "vfile-location",
        "web-namespaces"
      ]
    },
    "hast-util-parse-selector@4.0.0": {
      "integrity": "sha512-wkQCkSYoOGCRKERFWcxMVMOcYE2K1AaNLU8DXS9arxnLOUEWbOXKXiJUNzEpqZ3JOKpnha3jkFrumEjVliDe7A==",
      "dependencies": [
        "@types/hast"
      ]
    },
    "hast-util-raw@9.1.0": {
      "integrity": "sha512-Y8/SBAHkZGoNkpzqqfCldijcuUKh7/su31kEBp67cFY09Wy0mTRgtsLYsiIxMJxlu0f6AA5SUTbDR8K0rxnbUw==",
      "dependencies": [
        "@types/hast",
        "@types/unist",
        "@ungap/structured-clone",
        "hast-util-from-parse5",
        "hast-util-to-parse5",
        "html-void-elements",
        "mdast-util-to-hast",
        "parse5",
        "unist-util-position",
        "unist-util-visit",
        "vfile",
        "web-namespaces",
        "zwitch"
      ]
    },
    "hast-util-to-html@9.0.0": {
      "integrity": "sha512-IVGhNgg7vANuUA2XKrT6sOIIPgaYZnmLx3l/CCOAK0PtgfoHrZwX7jCSYyFxHTrGmC6S9q8aQQekjp4JPZF+cw==",
      "dependencies": [
        "@types/hast",
        "@types/unist",
        "ccount",
        "comma-separated-tokens",
        "hast-util-raw",
        "hast-util-whitespace",
        "html-void-elements",
        "mdast-util-to-hast",
        "property-information@6.5.0",
        "space-separated-tokens",
        "stringify-entities",
        "zwitch"
      ]
    },
    "hast-util-to-parse5@8.0.1": {
      "integrity": "sha512-MlWT6Pjt4CG9lFCjiz4BH7l9wmrMkfkJYCxFwKQic8+RTZgWPuWxwAfjJElsXkex7DJjfSJsQIt931ilUgmwdA==",
      "dependencies": [
        "@types/hast",
        "comma-separated-tokens",
        "devlop",
        "property-information@7.2.0",
        "space-separated-tokens",
        "web-namespaces",
        "zwitch"
      ]
    },
    "hast-util-whitespace@3.0.0": {
      "integrity": "sha512-88JUN06ipLwsnv+dVn+OIYOvAuvBMy/Qoi6O7mQHxdPXpjy+Cd6xRkWwux7DKO+4sYILtLBRIKgsdpS2gQc7qw==",
      "dependencies": [
        "@types/hast"
      ]
    },
    "hastscript@9.0.1": {
      "integrity": "sha512-g7df9rMFX/SPi34tyGCyUBREQoKkapwdY/T04Qn9TDWfHhAYt4/I0gMVirzK5wEzeUqIjEB+LXC/ypb7Aqno5w==",
      "dependencies": [
        "@types/hast",
        "comma-separated-tokens",
        "hast-util-parse-selector",
        "property-information@7.2.0",
        "space-separated-tokens"
      ]
    },
    "hastx@0.0.11": {
      "integrity": "sha512-Q333Ifi2Tr9OGB8K/bprsyc5EgXwpkJAIQKGk7dBSCH8tpRraZ5RAdcZLPlJt97TwbZh3WmmiIAf6vfY/nipeg==",
      "dependencies": [
        "@types/hast"
      ]
    },
    "html-void-elements@3.0.0": {
      "integrity": "sha512-bEqo66MRXsUGxWHV5IP0PUiAWwoEjba4VCzg0LjFJBpchPaTfyfCKTG6bc5F8ucKec3q5y6qOdGyYTSBEvhCrg=="
    },
    "mdast-util-to-hast@13.2.1": {
      "integrity": "sha512-cctsq2wp5vTsLIcaymblUriiTcZd0CwWtCbLvrOzYCDZoWyMNV8sZ7krj09FSnsiJi3WVsHLM4k6Dq/yaPyCXA==",
      "dependencies": [
        "@types/hast",
        "@types/mdast",
        "@ungap/structured-clone",
        "devlop",
        "micromark-util-sanitize-uri",
        "trim-lines",
        "unist-util-position",
        "unist-util-visit",
        "vfile"
      ]
    },
    "micromark-util-character@2.1.1": {
      "integrity": "sha512-wv8tdUTJ3thSFFFJKtpYKOYiGP2+v96Hvk4Tu8KpCAsTMs6yi+nVmGh1syvSCsaxz45J6Jbw+9DD6g97+NV67Q==",
      "dependencies": [
        "micromark-util-symbol",
        "micromark-util-types"
      ]
    },
    "micromark-util-encode@2.0.1": {
      "integrity": "sha512-c3cVx2y4KqUnwopcO9b/SCdo2O67LwJJ/UyqGfbigahfegL9myoEFoDYZgkT7f36T0bLrM9hZTAaAyH+PCAXjw=="
    },
    "micromark-util-sanitize-uri@2.0.1": {
      "integrity": "sha512-9N9IomZ/YuGGZZmQec1MbgxtlgougxTodVwDzzEouPKo3qFWvymFHWcnDi2vzV1ff6kas9ucW+o3yzJK9YB1AQ==",
      "dependencies": [
        "micromark-util-character",
        "micromark-util-encode",
        "micromark-util-symbol"
      ]
    },
    "micromark-util-symbol@2.0.1": {
      "integrity": "sha512-vs5t8Apaud9N28kgCrRUdEed4UJ+wWNvicHLPxCa9ENlYuAY31M0ETy5y1vA33YoNPDFTghEbnh6efaE8h4x0Q=="
    },
    "micromark-util-types@2.0.3": {
      "integrity": "sha512-oxB2Ik03hI0gv+VNn9tnh1t1YEe9MDPptViAEgfdf3YQHsn0pzGTgCdlSCJXcwhqm8phaEuM7zeEu3QQzVBrPg=="
    },
    "parse5@7.3.0": {
      "integrity": "sha512-IInvU7fabl34qmi9gY8XOVxhYyMyuH2xUNpb2q8/Y+7552KlejkRvqvD19nMoUW/uQGGbqNpA6Tufu5FL5BZgw==",
      "dependencies": [
        "entities"
      ]
    },
    "path-to-regexp@8.2.0": {
      "integrity": "sha512-TdrF7fW9Rphjq4RjrW0Kp2AW0Ahwu9sRGTkS6bvDi0SCwZlEZYmcfDbEsTz8RVk0EHIS/Vd1bv3JhG+1xZuAyQ=="
    },
    "property-information@6.5.0": {
      "integrity": "sha512-PgTgs/BlvHxOu8QuEN7wi5A0OmXaBcHpmCSTehcs6Uuu9IkDIEo13Hy7n898RHfrQ49vKCoGeWZSaAK01nwVig=="
    },
    "property-information@7.2.0": {
      "integrity": "sha512-IAtzIB6sUiWaJYrX9smp3V46pBGbBeLFRGdh25kg1334VcBlD8HzhPeNIWQH9zhGmo2itIe25EHt9dQP7G5hmg=="
    },
    "space-separated-tokens@2.0.2": {
      "integrity": "sha512-PEGlAwrG8yXGXRjW32fGbg66JAlOAwbObuqVoJpv/mRgoWDQfgH1wDPvtzWyUSNAXBGSk8h755YDbbcEy3SH2Q=="
    },
    "stringify-entities@4.0.4": {
      "integrity": "sha512-IwfBptatlO+QCJUo19AqvrPNqlVMpW9YEL2LIVY+Rpv2qsjCGxaDLNRgeGsQWJhfItebuJhsGSLjaBbNSQ+ieg==",
      "dependencies": [
        "character-entities-html4",
        "character-entities-legacy"
      ]
    },
    "trim-lines@3.0.1": {
      "integrity": "sha512-kRj8B+YHZCc9kQYdWfJB2/oUl9rA99qbowYYBtr4ui4mZyAQ2JpvVBd/6U2YloATfqBhBTSMhTpgBHtU0Mf3Rg=="
    },
    "ts-expect@1.3.0": {
      "integrity": "sha512-e4g0EJtAjk64xgnFPD6kTBUtpnMVzDrMb12N1YZV0VvSlhnVT3SGxiYTLdGy8Q5cYHOIC/FAHmZ10eGrAguicQ=="
    },
    "unist-util-is@6.0.1": {
      "integrity": "sha512-LsiILbtBETkDz8I9p1dQ0uyRUWuaQzd/cuEeS1hoRSyW5E5XGmTzlwY1OrNzzakGowI9Dr/I8HVaw4hTtnxy8g==",
      "dependencies": [
        "@types/unist"
      ]
    },
    "unist-util-position@5.0.0": {
      "integrity": "sha512-fucsC7HjXvkB5R3kTCO7kUjRdrS0BJt3M/FPxmHMBOm8JQi2BsHAHFsy27E0EolP8rp0NzXsJ+jNPyDWvOJZPA==",
      "dependencies": [
        "@types/unist"
      ]
    },
    "unist-util-stringify-position@4.0.0": {
      "integrity": "sha512-0ASV06AAoKCDkS2+xw5RXJywruurpbC4JZSm7nr7MOt1ojAzvyyaO+UxZf18j8FCF6kmzCZKcAgN/yu2gm2XgQ==",
      "dependencies": [
        "@types/unist"
      ]
    },
    "unist-util-visit-parents@6.0.2": {
      "integrity": "sha512-goh1s1TBrqSqukSc8wrjwWhL0hiJxgA8m4kFxGlQ+8FYQ3C/m11FcTs4YYem7V664AhHVvgoQLk890Ssdsr2IQ==",
      "dependencies": [
        "@types/unist",
        "unist-util-is"
      ]
    },
    "unist-util-visit@5.1.0": {
      "integrity": "sha512-m+vIdyeCOpdr/QeQCu2EzxX/ohgS8KbnPDgFni4dQsfSCtpz8UqDyY5GjRru8PDKuYn7Fq19j1CQ+nJSsGKOzg==",
      "dependencies": [
        "@types/unist",
        "unist-util-is",
        "unist-util-visit-parents"
      ]
    },
    "vfile-location@5.0.3": {
      "integrity": "sha512-5yXvWDEgqeiYiBe1lbxYF7UMAIm/IcopxMHrMQDq3nvKcjPKIhZklUKL+AE7J7uApI4kwe2snsK+eI6UTj9EHg==",
      "dependencies": [
        "@types/unist",
        "vfile"
      ]
    },
    "vfile-message@4.0.3": {
      "integrity": "sha512-QTHzsGd1EhbZs4AsQ20JX1rC3cOlt/IWJruk893DfLRr57lcnOeMaWG4K0JrRta4mIJZKth2Au3mM3u03/JWKw==",
      "dependencies": [
        "@types/unist",
        "unist-util-stringify-position"
      ]
    },
    "vfile@6.0.3": {
      "integrity": "sha512-KzIbH/9tXat2u30jf+smMwFCsno4wHVdNmzFyL+T/L3UGqqk6JKfVqOFOZEpZSHADH1k40ab6NUIXZq422ov3Q==",
      "dependencies": [
        "@types/unist",
        "vfile-message"
      ]
    },
    "web-namespaces@2.0.1": {
      "integrity": "sha512-bKr1DkiNa2krS7qxNtdrtHAmzuYGFQLiQ13TsorsdT6ULTkPLKuu5+GsFpDlg6JFjUTwX2DyhMPG2be8uPrqsQ=="
    },
    "zwitch@2.0.4": {
      "integrity": "sha512-bXE4cR/kVZhKZX/RjPEflHaKVhUVl85noU3v6b8apfQEc1x4A+zBxjZ4lN8LqGd6WZ3dl98pY4o717VFmoPp+A=="
    }
  },
  "remote": {
    "https://deno.land/std@0.97.0/fmt/colors.ts": "db22b314a2ae9430ae7460ce005e0a7130e23ae1c999157e3bb77cf55800f7e4",
    "https://deno.land/std@0.97.0/testing/_diff.ts": "961eaf6d9f5b0a8556c9d835bbc6fa74f5addd7d3b02728ba7936ff93364f7a3",
    "https://deno.land/std@0.97.0/testing/asserts.ts": "341292d12eebc44be4c3c2ca101ba8b6b5859cef2fa69d50c217f9d0bfbcfd1f",
    "https://deno.land/x/deno_dom@v0.1.41/build/deno-wasm/deno-wasm.js": "d6841a06342eb6a2798ef28de79ad69c0f2fa349fa04d3ca45e5fcfbf50a9340",
    "https://deno.land/x/deno_dom@v0.1.41/deno-dom-wasm.ts": "a33d160421bbb6e3104285ea5ebf33352b7ad50d82ea8765e3cf65f972b25119",
    "https://deno.land/x/deno_dom@v0.1.41/src/api.ts": "0ff5790f0a3eeecb4e00b7d8fbfa319b165962cf6d0182a65ba90f158d74f7d7",
    "https://deno.land/x/deno_dom@v0.1.41/src/constructor-lock.ts": "59714df7e0571ec7bd338903b1f396202771a6d4d7f55a452936bd0de9deb186",
    "https://deno.land/x/deno_dom@v0.1.41/src/deserialize.ts": "1cf4096678d8afed8ed28dbad690504c4d2c28149ba768b26eacd1416873425b",
    "https://deno.land/x/deno_dom@v0.1.41/src/dom/document-fragment.ts": "1c7352a3c816587ed7fad574b42636198f680f17abc3836fcfe7799b31e7718f",
    "https://deno.land/x/deno_dom@v0.1.41/src/dom/document.ts": "b8f4e4ccabaaa063d6562a0f2f8dea9c0419515d63d8bd79bfde95f7cd64bd93",
    "https://deno.land/x/deno_dom@v0.1.41/src/dom/dom-parser.ts": "609097b426f8c2358f3e5d2bca55ed026cf26cdf86562e94130dfdb0f2537f92",
    "https://deno.land/x/deno_dom@v0.1.41/src/dom/element.ts": "ea4fb3429dd2bfb74bf4ef683069e94d1c52a39f2c125cc926d3dfc8f749d8e2",
    "https://deno.land/x/deno_dom@v0.1.41/src/dom/elements/html-template-element.ts": "740b97a5378c9a14cccf3429299846eda240b613013e2d2d7f20b393897453c2",
    "https://deno.land/x/deno_dom@v0.1.41/src/dom/html-collection.ts": "ae90197f5270c32074926ad6cf30ee07d274d44596c7e413c354880cebce8565",
    "https://deno.land/x/deno_dom@v0.1.41/src/dom/node-list.ts": "4c6e4b4585301d4147addaccd90cb5f5a80e8d6290a1ba7058c5e3dfea16e15d",
    "https://deno.land/x/deno_dom@v0.1.41/src/dom/node.ts": "3069e6fc93ac4111a136ed68199d76673339842b9751610ba06f111ba7dc10a7",
    "https://deno.land/x/deno_dom@v0.1.41/src/dom/selectors/custom-api.ts": "852696bd58e534bc41bd3be9e2250b60b67cd95fd28ed16b1deff1d548531a71",
    "https://deno.land/x/deno_dom@v0.1.41/src/dom/selectors/nwsapi-types.ts": "c43b36c36acc5d32caabaa54fda8c9d239b2b0fcbce9a28efb93c84aa1021698",
    "https://deno.land/x/deno_dom@v0.1.41/src/dom/selectors/nwsapi.js": "985d7d8fc1eabbb88946b47a1c44c1b2d4aa79ff23c21424219f1528fa27a2ff",
    "https://deno.land/x/deno_dom@v0.1.41/src/dom/selectors/selectors.ts": "83eab57be2290fb48e3130533448c93c6c61239f2a2f3b85f1917f80ca0fdc75",
    "https://deno.land/x/deno_dom@v0.1.41/src/dom/selectors/sizzle-types.ts": "78149e2502409989ce861ed636b813b059e16bc267bb543e7c2b26ef43e4798b",
    "https://deno.land/x/deno_dom@v0.1.41/src/dom/selectors/sizzle.js": "c3aed60c1045a106d8e546ac2f85cc82e65f62d9af2f8f515210b9212286682a",
    "https://deno.land/x/deno_dom@v0.1.41/src/dom/utils-types.ts": "96db30e3e4a75b194201bb9fa30988215da7f91b380fca6a5143e51ece2a8436",
    "https://deno.land/x/deno_dom@v0.1.41/src/dom/utils.ts": "55f3e9dc71d6c4a54605888d3f99d26fb0cf9973924709f159252a6933ceeabe",
    "https://deno.land/x/deno_dom@v0.1.41/src/parser.ts": "e06b2300d693e6ae7564e53dfa5c9a9e97fdb8c044c39c52c8b93b5d60860be3",
    "https://deno.land/x/expect@v0.2.9/expect.ts": "128c60f94ff3f977e2a649463238e403f9bdb8e6ab77e65214c0236bd61b0111",
    "https://deno.land/x/expect@v0.2.9/matchers.ts": "ba7360b73c5031a22449fa98eb4d5dbe7f256a88dd4c22ccae96dc6c01f0b19c",
    "https://deno.land/x/expect@v0.2.9/mock.ts": "562d4b1d735d15b0b8e935f342679096b64fe452f86e96714fe8616c0c884914",
    "https://deno.land/x/expect@v0.2.9/mod.ts": "0304d2430e1e96ba669a8495e24ba606dcc3d152e1f81aaa8da898cea24e36c2"
  },
  "workspace": {
    "dependencies": [
      "jsr:@b-fuze/deno-dom@0.1.48",
      "jsr:@deno/dnt@0.41.3",
      "jsr:@effection/effection@^4.2.0",
      "jsr:@luca/esbuild-deno-loader@0.11.1",
      "jsr:@std/assert@1.0.10",
      "jsr:@std/http@1.0.12",
      "jsr:@std/path@1.0.8",
      "jsr:@std/testing@1.0.8",
      "npm:@types/hast@3",
      "npm:esbuild@0.24.2",
      "npm:hast-util-to-html@9.0.0",
      "npm:hastx@0.0.11",
      "npm:path-to-regexp@8.2.0"
    ]
  }
}
